PODS:
  - AWSCore (2.4.9)
  - AWSS3 (2.4.9):
    - AWSCore (= 2.4.9)

DEPENDENCIES:
  - AWSS3 (= 2.4.9)

SPEC CHECKSUMS:
  AWSCore: 175208358b95492e0ebe0337df2ab415300bddac
  AWSS3: e4959b48db48d5f3dcd5cdf9e24a07f60a313611

PODFILE CHECKSUM: 7e3b455414649eb76bf6a26f760f45b0f6f09f5c

COCOAPODS: 1.0.1
